
Microsoft Visual Studio Solution File, Format Version 12.00
# Visual Studio Version 17
VisualStudioVersion = 17.2.32616.157
MinimumVisualStudioVersion = 10.0.40219.1
Project("{FAE04EC0-301F-11D3-BF4B-00C04F79EFBC}") = "Aula2", "Aula2\Aula2.csproj", "{2B916C64-E810-4D15-8819-5379D1D7DA6A}"
EndProject
Global
	GlobalSection(SolutionConfigurationPlatforms) = preSolution
		Debug|Any CPU = Debug|Any CPU
		Release|Any CPU = Release|Any CPU
	EndGlobalSection
	GlobalSection(ProjectConfigurationPlatforms) = postSolution
		{2B916C64-E810-4D15-8819-5379D1D7DA6A}.Debug|Any CPU.ActiveCfg = Debug|Any CPU
		{2B916C64-E810-4D15-8819-5379D1D7DA6A}.Debug|Any CPU.Build.0 = Debug|Any CPU
		{2B916C64-E810-4D15-8819-5379D1D7DA6A}.Release|Any CPU.ActiveCfg = Release|Any CPU
		{2B916C64-E810-4D15-8819-5379D1D7DA6A}.Release|Any CPU.Build.0 = Release|Any CPU
	EndGlobalSection
	GlobalSection(SolutionProperties) = preSolution
		HideSolutionNode = FALSE
	EndGlobalSection
	GlobalSection(ExtensibilityGlobals) = postSolution
		SolutionGuid = {E329AB9A-0DB6-4559-AB65-4BDD9EF38D40}
	EndGlobalSection
EndGlobal
